{
  "name": "typescript-jsdoc",
  "version": "1.0.0",
  "lockfileVersion": 2,
  "requires": true,
  "packages": {
    "": {
      "version": "1.0.0",
      "license": "MIT",
      "dependencies": {
        "typescript": "^4.2.0-dev.20210115"
      }
    },
    "node_modules/typescript": {
      "version": "4.2.0-dev.20210115",
      "resolved": "https://registry.npmjs.org/typescript/-/typescript-4.2.0-dev.20210115.tgz",
      "integrity": "sha512-sDBExKD8Ht4dsLHxNgxPmfFcw5HJVPpi+NxT0CL31IPvJSoUdnIrQbE3SMjIjheqURFYY2AB1ehzOB3O0lNsLw==",
      "bin": {
        "tsc": "bin/tsc",
        "tsserver": "bin/tsserver"
      },
      "engines": {
        "node": ">=4.2.0"
      }
    }
  },
  "dependencies": {
    "typescript": {
      "version": "4.2.0-dev.20210115",
      "resolved": "https://registry.npmjs.org/typescript/-/typescript-4.2.0-dev.20210115.tgz",
      "integrity": "sha512-sDBExKD8Ht4dsLHxNgxPmfFcw5HJVPpi+NxT0CL31IPvJSoUdnIrQbE3SMjIjheqURFYY2AB1ehzOB3O0lNsLw=="
    }
  }
}
